
Microsoft Visual Studio Solution File, Format Version 12.00
# Visual Studio 15
VisualStudioVersion = 15.0.27004.2005
MinimumVisualStudioVersion = 10.0.40219.1
Project("{FAE04EC0-301F-11D3-BF4B-00C04F79EFBC}") = "01-String-Program", "01-String-Program\01-String-Program.csproj", "{313649B4-0068-48C4-852B-65AFE1A638E1}"
EndProject
Global
	GlobalSection(SolutionConfigurationPlatforms) = preSolution
		Debug|Any CPU = Debug|Any CPU
		Release|Any CPU = Release|Any CPU
	EndGlobalSection
	GlobalSection(ProjectConfigurationPlatforms) = postSolution
		{313649B4-0068-48C4-852B-65AFE1A638E1}.Debug|Any CPU.ActiveCfg = Debug|Any CPU
		{313649B4-0068-48C4-852B-65AFE1A638E1}.Debug|Any CPU.Build.0 = Debug|Any CPU
		{313649B4-0068-48C4-852B-65AFE1A638E1}.Release|Any CPU.ActiveCfg = Release|Any CPU
		{313649B4-0068-48C4-852B-65AFE1A638E1}.Release|Any CPU.Build.0 = Release|Any CPU
	EndGlobalSection
	GlobalSection(SolutionProperties) = preSolution
		HideSolutionNode = FALSE
	EndGlobalSection
	GlobalSection(ExtensibilityGlobals) = postSolution
		SolutionGuid = {1F5B77F8-21A9-49E6-B9C4-F664D9BF7661}
	EndGlobalSection
EndGlobal
